{
  "version": 4,
  "terraform_version": "1.10.1",
  "serial": 8,
  "lineage": "6d388233-327f-e228-c211-f90d0015f439",
  "outputs": {
    "app_ips": {
      "value": [
        "20.166.217.60",
        "20.166.217.77",
        "20.166.217.248",
        "20.166.218.46",
        "20.166.218.60",
        "20.166.218.99",
        "4.208.73.166",
        "4.208.73.204",
        "4.208.73.226",
        "4.208.73.231",
        "4.208.74.34",
        "4.208.74.46",
        "20.107.224.27"
      ],
      "type": [
        "list",
        "string"
      ]
    },
    "app_url": {
      "value": "seminarhubnaboyanantonov.azurewebsites.net",
      "type": "string"
    }
  },
  "resources": [
    {
      "mode": "managed",
      "type": "azurerm_app_service_source_control",
      "name": "github",
      "provider": "provider[\"registry.terraform.io/hashicorp/azurerm\"]",
      "instances": [
        {
          "schema_version": 0,
          "attributes": {
            "app_id": "/subscriptions/bccd3169-4beb-4c34-bf6a-9abb5ef2eacb/resourceGroups/SeminarHubBoyanAntonov/providers/Microsoft.Web/sites/SeminarHubNaBoyanAntonov",
            "branch": "main",
            "github_action_configuration": [],
            "id": "/subscriptions/bccd3169-4beb-4c34-bf6a-9abb5ef2eacb/resourceGroups/SeminarHubBoyanAntonov/providers/Microsoft.Web/sites/SeminarHubNaBoyanAntonov",
            "repo_url": "https://github.com/BoyanAntonov02/Exam-SoftUni-Task2-Seminar",
            "rollback_enabled": false,
            "scm_type": "ExternalGit",
            "timeouts": null,
            "use_local_git": false,
            "use_manual_integration": true,
            "use_mercurial": false,
            "uses_github_action": false
          },
          "sensitive_attributes": [],
          "private": "eyJlMmJmYjczMC1lY2FhLTExZTYtOGY4OC0zNDM2M2JjN2M0YzAiOnsiY3JlYXRlIjoxODAwMDAwMDAwMDAwLCJkZWxldGUiOjE4MDAwMDAwMDAwMDAsInJlYWQiOjMwMDAwMDAwMDAwMH19",
          "dependencies": [
            "azurerm_linux_web_app.alwa",
            "azurerm_mssql_database.asqldatabase",
            "azurerm_mssql_server.asql",
            "azurerm_resource_group.arg",
            "azurerm_service_plan.asp"
          ]
        }
      ]
    },
    {
      "mode": "managed",
      "type": "azurerm_linux_web_app",
      "name": "alwa",
      "provider": "provider[\"registry.terraform.io/hashicorp/azurerm\"]",
      "instances": [
        {
          "schema_version": 1,
          "attributes": {
            "app_settings": null,
            "auth_settings": [],
            "auth_settings_v2": [],
            "backup": [],
            "client_affinity_enabled": false,
            "client_certificate_enabled": false,
            "client_certificate_exclusion_paths": "",
            "client_certificate_mode": "Required",
            "connection_string": [
              {
                "name": "DefaultConnection",
                "type": "SQLAzure",
                "value": "Data Source=tcp:seminarhubboyansqlserver.database.windows.net,1433;Initial Catalog=seminar-db;User ID=4dm1n157r470r;Password=4-v3ry-53cr37-p455w0rd;Trusted_Connection=False;MultipleActiveResultSets=True;"
              }
            ],
            "custom_domain_verification_id": "7857853FD1EB4E3DBE9911C14953246DE58A4FF8F8E9891F2D1557628A461A6A",
            "default_hostname": "seminarhubnaboyanantonov.azurewebsites.net",
            "enabled": true,
            "ftp_publish_basic_authentication_enabled": true,
            "hosting_environment_id": "",
            "https_only": false,
            "id": "/subscriptions/bccd3169-4beb-4c34-bf6a-9abb5ef2eacb/resourceGroups/SeminarHubBoyanAntonov/providers/Microsoft.Web/sites/SeminarHubNaBoyanAntonov",
            "identity": [],
            "key_vault_reference_identity_id": "SystemAssigned",
            "kind": "app,linux",
            "location": "northeurope",
            "logs": [],
            "name": "SeminarHubNaBoyanAntonov",
            "outbound_ip_address_list": [
              "20.166.217.60",
              "20.166.217.77",
              "20.166.217.248",
              "20.166.218.46",
              "20.166.218.60",
              "20.166.218.99",
              "4.208.73.166",
              "4.208.73.204",
              "4.208.73.226",
              "4.208.73.231",
              "4.208.74.34",
              "4.208.74.46",
              "20.107.224.27"
            ],
            "outbound_ip_addresses": "20.166.217.60,20.166.217.77,20.166.217.248,20.166.218.46,20.166.218.60,20.166.218.99,4.208.73.166,4.208.73.204,4.208.73.226,4.208.73.231,4.208.74.34,4.208.74.46,20.107.224.27",
            "possible_outbound_ip_address_list": [
              "20.166.217.60",
              "20.166.217.77",
              "20.166.217.248",
              "20.166.218.46",
              "20.166.218.60",
              "20.166.218.99",
              "4.208.73.166",
              "4.208.73.204",
              "4.208.73.226",
              "4.208.73.231",
              "4.208.74.34",
              "4.208.74.46",
              "20.223.45.36",
              "4.208.74.75",
              "4.208.74.241",
              "4.231.128.142",
              "4.231.129.49",
              "20.223.40.11",
              "4.231.129.94",
              "4.231.131.230",
              "4.231.129.137",
              "4.231.129.198",
              "4.231.129.210",
              "20.223.40.25",
              "4.208.73.165",
              "4.231.130.8",
              "4.231.130.96",
              "4.208.73.131",
              "4.231.130.150",
              "4.231.130.216",
              "20.107.224.27"
            ],
            "possible_outbound_ip_addresses": "20.166.217.60,20.166.217.77,20.166.217.248,20.166.218.46,20.166.218.60,20.166.218.99,4.208.73.166,4.208.73.204,4.208.73.226,4.208.73.231,4.208.74.34,4.208.74.46,20.223.45.36,4.208.74.75,4.208.74.241,4.231.128.142,4.231.129.49,20.223.40.11,4.231.129.94,4.231.131.230,4.231.129.137,4.231.129.198,4.231.129.210,20.223.40.25,4.208.73.165,4.231.130.8,4.231.130.96,4.208.73.131,4.231.130.150,4.231.130.216,20.107.224.27",
            "public_network_access_enabled": true,
            "resource_group_name": "SeminarHubBoyanAntonov",
            "service_plan_id": "/subscriptions/bccd3169-4beb-4c34-bf6a-9abb5ef2eacb/resourceGroups/SeminarHubBoyanAntonov/providers/Microsoft.Web/serverFarms/SeminarhubServicePlan",
            "site_config": [
              {
                "always_on": false,
                "api_definition_url": "",
                "api_management_api_id": "",
                "app_command_line": "",
                "application_stack": [
                  {
                    "docker_image_name": "",
                    "docker_registry_password": "",
                    "docker_registry_url": "",
                    "docker_registry_username": "",
                    "dotnet_version": "6.0",
                    "go_version": "",
                    "java_server": "",
                    "java_server_version": "",
                    "java_version": "",
                    "node_version": "",
                    "php_version": "",
                    "python_version": "",
                    "ruby_version": ""
                  }
                ],
                "auto_heal_setting": [],
                "container_registry_managed_identity_client_id": "",
                "container_registry_use_managed_identity": false,
                "cors": [],
                "default_documents": [
                  "Default.htm",
                  "Default.html",
                  "Default.asp",
                  "index.htm",
                  "index.html",
                  "iisstart.htm",
                  "default.aspx",
                  "index.php",
                  "hostingstart.html"
                ],
                "detailed_error_logging_enabled": false,
                "ftps_state": "Disabled",
                "health_check_eviction_time_in_min": 0,
                "health_check_path": "",
                "http2_enabled": false,
                "ip_restriction": [],
                "ip_restriction_default_action": "Allow",
                "linux_fx_version": "DOTNETCORE|6.0",
                "load_balancing_mode": "LeastRequests",
                "local_mysql_enabled": false,
                "managed_pipeline_mode": "Integrated",
                "minimum_tls_version": "1.2",
                "remote_debugging_enabled": false,
                "remote_debugging_version": "VS2022",
                "scm_ip_restriction": [],
                "scm_ip_restriction_default_action": "Allow",
                "scm_minimum_tls_version": "1.2",
                "scm_type": "None",
                "scm_use_main_ip_restriction": false,
                "use_32_bit_worker": true,
                "vnet_route_all_enabled": false,
                "websockets_enabled": false,
                "worker_count": 1
              }
            ],
            "site_credential": [
              {
                "name": "$SeminarHubNaBoyanAntonov",
                "password": "ajPZffG1bC2sEcT6GTFWLppYDiGC1tr8CaXXClrcmo4gLPiSlcR4QEHdnv9Y"
              }
            ],
            "sticky_settings": [],
            "storage_account": [],
            "tags": null,
            "timeouts": null,
            "virtual_network_subnet_id": "",
            "webdeploy_publish_basic_authentication_enabled": true,
            "zip_deploy_file": ""
          },
          "sensitive_attributes": [
            [
              {
                "type": "get_attr",
                "value": "custom_domain_verification_id"
              }
            ],
            [
              {
                "type": "get_attr",
                "value": "connection_string"
              }
            ],
            [
              {
                "type": "get_attr",
                "value": "site_config"
              },
              {
                "type": "index",
                "value": {
                  "value": 0,
                  "type": "number"
                }
              },
              {
                "type": "get_attr",
                "value": "application_stack"
              },
              {
                "type": "index",
                "value": {
                  "value": 0,
                  "type": "number"
                }
              },
              {
                "type": "get_attr",
                "value": "docker_registry_password"
              }
            ],
            [
              {
                "type": "get_attr",
                "value": "site_credential"
              }
            ]
          ],
          "private": "eyJlMmJmYjczMC1lY2FhLTExZTYtOGY4OC0zNDM2M2JjN2M0YzAiOnsiY3JlYXRlIjoxODAwMDAwMDAwMDAwLCJkZWxldGUiOjE4MDAwMDAwMDAwMDAsInJlYWQiOjMwMDAwMDAwMDAwMCwidXBkYXRlIjoxODAwMDAwMDAwMDAwfSwic2NoZW1hX3ZlcnNpb24iOiIxIn0=",
          "dependencies": [
            "azurerm_mssql_database.asqldatabase",
            "azurerm_mssql_server.asql",
            "azurerm_resource_group.arg",
            "azurerm_service_plan.asp"
          ]
        }
      ]
    },
    {
      "mode": "managed",
      "type": "azurerm_mssql_database",
      "name": "asqldatabase",
      "provider": "provider[\"registry.terraform.io/hashicorp/azurerm\"]",
      "instances": [
        {
          "schema_version": 1,
          "attributes": {
            "auto_pause_delay_in_minutes": 0,
            "collation": "SQL_Latin1_General_CP1_CI_AS",
            "create_mode": "Default",
            "creation_source_database_id": null,
            "elastic_pool_id": "",
            "enclave_type": "",
            "geo_backup_enabled": true,
            "id": "/subscriptions/bccd3169-4beb-4c34-bf6a-9abb5ef2eacb/resourceGroups/SeminarHubBoyanAntonov/providers/Microsoft.Sql/servers/seminarhubboyansqlserver/databases/seminar-db",
            "identity": [],
            "import": [],
            "ledger_enabled": false,
            "license_type": "LicenseIncluded",
            "long_term_retention_policy": [
              {
                "immutable_backups_enabled": false,
                "monthly_retention": "PT0S",
                "week_of_year": 1,
                "weekly_retention": "PT0S",
                "yearly_retention": "PT0S"
              }
            ],
            "maintenance_configuration_name": "SQL_Default",
            "max_size_gb": 2,
            "min_capacity": 0,
            "name": "seminar-db",
            "read_replica_count": 0,
            "read_scale": false,
            "recover_database_id": null,
            "recovery_point_id": null,
            "restore_dropped_database_id": null,
            "restore_long_term_retention_backup_id": null,
            "restore_point_in_time": null,
            "sample_name": null,
            "secondary_type": "",
            "server_id": "/subscriptions/bccd3169-4beb-4c34-bf6a-9abb5ef2eacb/resourceGroups/SeminarHubBoyanAntonov/providers/Microsoft.Sql/servers/seminarhubboyansqlserver",
            "short_term_retention_policy": [
              {
                "backup_interval_in_hours": 24,
                "retention_days": 7
              }
            ],
            "sku_name": "S0",
            "storage_account_type": "Geo",
            "tags": null,
            "threat_detection_policy": [
              {
                "disabled_alerts": [],
                "email_account_admins": "Disabled",
                "email_addresses": [],
                "retention_days": 0,
                "state": "Disabled",
                "storage_account_access_key": "",
                "storage_endpoint": ""
              }
            ],
            "timeouts": null,
            "transparent_data_encryption_enabled": true,
            "transparent_data_encryption_key_automatic_rotation_enabled": false,
            "transparent_data_encryption_key_vault_key_id": "",
            "zone_redundant": false
          },
          "sensitive_attributes": [
            [
              {
                "type": "get_attr",
                "value": "threat_detection_policy"
              },
              {
                "type": "index",
                "value": {
                  "value": 0,
                  "type": "number"
                }
              },
              {
                "type": "get_attr",
                "value": "storage_account_access_key"
              }
            ]
          ],
          "private": "eyJlMmJmYjczMC1lY2FhLTExZTYtOGY4OC0zNDM2M2JjN2M0YzAiOnsiY3JlYXRlIjozNjAwMDAwMDAwMDAwLCJkZWxldGUiOjM2MDAwMDAwMDAwMDAsInJlYWQiOjMwMDAwMDAwMDAwMCwidXBkYXRlIjozNjAwMDAwMDAwMDAwfSwic2NoZW1hX3ZlcnNpb24iOiIxIn0=",
          "dependencies": [
            "azurerm_mssql_server.asql",
            "azurerm_resource_group.arg"
          ]
        }
      ]
    },
    {
      "mode": "managed",
      "type": "azurerm_mssql_firewall_rule",
      "name": "firewall",
      "provider": "provider[\"registry.terraform.io/hashicorp/azurerm\"]",
      "instances": [
        {
          "schema_version": 0,
          "attributes": {
            "end_ip_address": "0.0.0.0",
            "id": "/subscriptions/bccd3169-4beb-4c34-bf6a-9abb5ef2eacb/resourceGroups/SeminarHubBoyanAntonov/providers/Microsoft.Sql/servers/seminarhubboyansqlserver/firewallRules/FirewallRule1",
            "name": "FirewallRule1",
            "server_id": "/subscriptions/bccd3169-4beb-4c34-bf6a-9abb5ef2eacb/resourceGroups/SeminarHubBoyanAntonov/providers/Microsoft.Sql/servers/seminarhubboyansqlserver",
            "start_ip_address": "0.0.0.0",
            "timeouts": null
          },
          "sensitive_attributes": [],
          "private": "eyJlMmJmYjczMC1lY2FhLTExZTYtOGY4OC0zNDM2M2JjN2M0YzAiOnsiY3JlYXRlIjoxODAwMDAwMDAwMDAwLCJkZWxldGUiOjE4MDAwMDAwMDAwMDAsInJlYWQiOjMwMDAwMDAwMDAwMCwidXBkYXRlIjoxODAwMDAwMDAwMDAwfX0=",
          "dependencies": [
            "azurerm_mssql_server.asql",
            "azurerm_resource_group.arg"
          ]
        }
      ]
    },
    {
      "mode": "managed",
      "type": "azurerm_mssql_server",
      "name": "asql",
      "provider": "provider[\"registry.terraform.io/hashicorp/azurerm\"]",
      "instances": [
        {
          "schema_version": 0,
          "attributes": {
            "administrator_login": "4dm1n157r470r",
            "administrator_login_password": "4-v3ry-53cr37-p455w0rd",
            "azuread_administrator": [],
            "connection_policy": "Default",
            "fully_qualified_domain_name": "seminarhubboyansqlserver.database.windows.net",
            "id": "/subscriptions/bccd3169-4beb-4c34-bf6a-9abb5ef2eacb/resourceGroups/SeminarHubBoyanAntonov/providers/Microsoft.Sql/servers/seminarhubboyansqlserver",
            "identity": [],
            "location": "northeurope",
            "minimum_tls_version": "1.2",
            "name": "seminarhubboyansqlserver",
            "outbound_network_restriction_enabled": false,
            "primary_user_assigned_identity_id": "",
            "public_network_access_enabled": true,
            "resource_group_name": "SeminarHubBoyanAntonov",
            "restorable_dropped_database_ids": [],
            "tags": null,
            "timeouts": null,
            "transparent_data_encryption_key_vault_key_id": "",
            "version": "12.0"
          },
          "sensitive_attributes": [
            [
              {
                "type": "get_attr",
                "value": "administrator_login_password"
              }
            ]
          ],
          "private": "eyJlMmJmYjczMC1lY2FhLTExZTYtOGY4OC0zNDM2M2JjN2M0YzAiOnsiY3JlYXRlIjozNjAwMDAwMDAwMDAwLCJkZWxldGUiOjM2MDAwMDAwMDAwMDAsInJlYWQiOjMwMDAwMDAwMDAwMCwidXBkYXRlIjozNjAwMDAwMDAwMDAwfX0=",
          "dependencies": [
            "azurerm_resource_group.arg"
          ]
        }
      ]
    },
    {
      "mode": "managed",
      "type": "azurerm_resource_group",
      "name": "arg",
      "provider": "provider[\"registry.terraform.io/hashicorp/azurerm\"]",
      "instances": [
        {
          "schema_version": 0,
          "attributes": {
            "id": "/subscriptions/bccd3169-4beb-4c34-bf6a-9abb5ef2eacb/resourceGroups/SeminarHubBoyanAntonov",
            "location": "northeurope",
            "managed_by": "",
            "name": "SeminarHubBoyanAntonov",
            "tags": null,
            "timeouts": null
          },
          "sensitive_attributes": [],
          "private": "eyJlMmJmYjczMC1lY2FhLTExZTYtOGY4OC0zNDM2M2JjN2M0YzAiOnsiY3JlYXRlIjo1NDAwMDAwMDAwMDAwLCJkZWxldGUiOjU0MDAwMDAwMDAwMDAsInJlYWQiOjMwMDAwMDAwMDAwMCwidXBkYXRlIjo1NDAwMDAwMDAwMDAwfX0="
        }
      ]
    },
    {
      "mode": "managed",
      "type": "azurerm_service_plan",
      "name": "asp",
      "provider": "provider[\"registry.terraform.io/hashicorp/azurerm\"]",
      "instances": [
        {
          "schema_version": 1,
          "attributes": {
            "app_service_environment_id": "",
            "id": "/subscriptions/bccd3169-4beb-4c34-bf6a-9abb5ef2eacb/resourceGroups/SeminarHubBoyanAntonov/providers/Microsoft.Web/serverFarms/SeminarhubServicePlan",
            "kind": "linux",
            "location": "northeurope",
            "maximum_elastic_worker_count": 1,
            "name": "SeminarhubServicePlan",
            "os_type": "Linux",
            "per_site_scaling_enabled": false,
            "reserved": true,
            "resource_group_name": "SeminarHubBoyanAntonov",
            "sku_name": "F1",
            "tags": null,
            "timeouts": null,
            "worker_count": 1,
            "zone_balancing_enabled": false
          },
          "sensitive_attributes": [],
          "private": "eyJlMmJmYjczMC1lY2FhLTExZTYtOGY4OC0zNDM2M2JjN2M0YzAiOnsiY3JlYXRlIjozNjAwMDAwMDAwMDAwLCJkZWxldGUiOjM2MDAwMDAwMDAwMDAsInJlYWQiOjMwMDAwMDAwMDAwMCwidXBkYXRlIjozNjAwMDAwMDAwMDAwfSwic2NoZW1hX3ZlcnNpb24iOiIxIn0=",
          "dependencies": [
            "azurerm_resource_group.arg"
          ]
        }
      ]
    }
  ],
  "check_results": null
}
